{
  "name": "wasm-pipes-as",
  "version": "1.0.0",
  "lockfileVersion": 2,
  "requires": true,
  "packages": {
    "": {
      "name": "wasm-pipes-as",
      "version": "1.0.0",
      "license": "MIT",
      "dependencies": {
        "assemblyscript-json": "^1.0.0"
      },
      "devDependencies": {
        "assemblyscript": "^0.19.16"
      }
    },
    "node_modules/assemblyscript": {
      "version": "0.19.16",
      "resolved": "https://registry.npmjs.org/assemblyscript/-/assemblyscript-0.19.16.tgz",
      "integrity": "sha512-AMNdwcat+EEsxjkVQ5vOE/lDbXBvy1swQKAuMG2Ken+DZufZH7wKHIAVKR5liteW/jLL3T971l1MN+onP/bixA==",
      "dev": true,
      "dependencies": {
        "binaryen": "101.0.0-nightly.20210904",
        "long": "^4.0.0"
      },
      "bin": {
        "asc": "bin/asc",
        "asinit": "bin/asinit"
      },
      "funding": {
        "type": "opencollective",
        "url": "https://opencollective.com/assemblyscript"
      }
    },
    "node_modules/assemblyscript-json": {
      "version": "1.1.0",
      "resolved": "https://registry.npmjs.org/assemblyscript-json/-/assemblyscript-json-1.1.0.tgz",
      "integrity": "sha512-UbE8ts8csTWQgd5TnSPN7MRV9NveuHv1bVnKmDLoo/tzjqxkmsZb3lu59Uk8H7SGoqdkDSEE049alx/nHnSdFw=="
    },
    "node_modules/binaryen": {
      "version": "101.0.0-nightly.20210904",
      "resolved": "https://registry.npmjs.org/binaryen/-/binaryen-101.0.0-nightly.20210904.tgz",
      "integrity": "sha512-2AvJhErttuoMvgNcYPPpPy7C12PSvDdtZWtEeX/Otm/Vtf4ePvBpT3UIA00hGAh8HNaGr+dzFNstxTUvjNwZTg==",
      "dev": true,
      "bin": {
        "wasm-opt": "bin/wasm-opt"
      }
    },
    "node_modules/long": {
      "version": "4.0.0",
      "resolved": "https://registry.npmjs.org/long/-/long-4.0.0.tgz",
      "integrity": "sha512-XsP+KhQif4bjX1kbuSiySJFNAehNxgLb6hPRGJ9QsUr8ajHkuXGdrHmFUTUUXhDwVX2R5bY4JNZEwbUiMhV+MA==",
      "dev": true
    }
  },
  "dependencies": {
    "assemblyscript": {
      "version": "0.19.16",
      "resolved": "https://registry.npmjs.org/assemblyscript/-/assemblyscript-0.19.16.tgz",
      "integrity": "sha512-AMNdwcat+EEsxjkVQ5vOE/lDbXBvy1swQKAuMG2Ken+DZufZH7wKHIAVKR5liteW/jLL3T971l1MN+onP/bixA==",
      "dev": true,
      "requires": {
        "binaryen": "101.0.0-nightly.20210904",
        "long": "^4.0.0"
      }
    },
    "assemblyscript-json": {
      "version": "1.1.0",
      "resolved": "https://registry.npmjs.org/assemblyscript-json/-/assemblyscript-json-1.1.0.tgz",
      "integrity": "sha512-UbE8ts8csTWQgd5TnSPN7MRV9NveuHv1bVnKmDLoo/tzjqxkmsZb3lu59Uk8H7SGoqdkDSEE049alx/nHnSdFw=="
    },
    "binaryen": {
      "version": "101.0.0-nightly.20210904",
      "resolved": "https://registry.npmjs.org/binaryen/-/binaryen-101.0.0-nightly.20210904.tgz",
      "integrity": "sha512-2AvJhErttuoMvgNcYPPpPy7C12PSvDdtZWtEeX/Otm/Vtf4ePvBpT3UIA00hGAh8HNaGr+dzFNstxTUvjNwZTg==",
      "dev": true
    },
    "long": {
      "version": "4.0.0",
      "resolved": "https://registry.npmjs.org/long/-/long-4.0.0.tgz",
      "integrity": "sha512-XsP+KhQif4bjX1kbuSiySJFNAehNxgLb6hPRGJ9QsUr8ajHkuXGdrHmFUTUUXhDwVX2R5bY4JNZEwbUiMhV+MA==",
      "dev": true
    }
  }
}
